
Microsoft Visual Studio Solution File, Format Version 12.00
# Visual Studio Version 17
VisualStudioVersion = 17.4.33213.308
MinimumVisualStudioVersion = 10.0.40219.1
Project("{FAE04EC0-301F-11D3-BF4B-00C04F79EFBC}") = "L02_P02_ 2018-RR-604_ 2015-CG-601", "L02_P02_ 2018-RR-604_ 2015-CG-601\L02_P02_ 2018-RR-604_ 2015-CG-601.csproj", "{653BD744-35A0-431F-84B2-38B1051466D9}"
EndProject
Global
	GlobalSection(SolutionConfigurationPlatforms) = preSolution
		Debug|Any CPU = Debug|Any CPU
		Release|Any CPU = Release|Any CPU
	EndGlobalSection
	GlobalSection(ProjectConfigurationPlatforms) = postSolution
		{653BD744-35A0-431F-84B2-38B1051466D9}.Debug|Any CPU.ActiveCfg = Debug|Any CPU
		{653BD744-35A0-431F-84B2-38B1051466D9}.Debug|Any CPU.Build.0 = Debug|Any CPU
		{653BD744-35A0-431F-84B2-38B1051466D9}.Release|Any CPU.ActiveCfg = Release|Any CPU
		{653BD744-35A0-431F-84B2-38B1051466D9}.Release|Any CPU.Build.0 = Release|Any CPU
	EndGlobalSection
	GlobalSection(SolutionProperties) = preSolution
		HideSolutionNode = FALSE
	EndGlobalSection
	GlobalSection(ExtensibilityGlobals) = postSolution
		SolutionGuid = {7249B66B-98C8-4568-8633-F89BCACC42C8}
	EndGlobalSection
EndGlobal
